
Microsoft Visual Studio Solution File, Format Version 12.00
# Visual Studio Version 17
VisualStudioVersion = 17.8.34302.71
MinimumVisualStudioVersion = 10.0.40219.1
Project("{9A19103F-16F7-4668-BE54-9A1E7A4F7556}") = "Craft.Utilities", "Craft.Utilities\Craft.Utilities.csproj", "{F6371390-BA67-489C-8A80-2423CACFB923}"
EndProject
Project("{2150E333-8FDC-42A3-9474-1A3956D46DE8}") = "Solution Items", "Solution Items", "{AEC4DB8A-B519-4D33-97B1-E8E4FE9C95C1}"
	ProjectSection(SolutionItems) = preProject
		.editorconfig = .editorconfig
	EndProjectSection
EndProject
Project("{2150E333-8FDC-42A3-9474-1A3956D46DE8}") = "Tests", "Tests", "{7BD2436A-7951-4038-95C4-A197F19DBB10}"
EndProject
Project("{9A19103F-16F7-4668-BE54-9A1E7A4F7556}") = "Craft.Utilities.Tests", "Tests\Craft.Utilities.Tests\Craft.Utilities.Tests.csproj", "{1298330C-6759-4249-A5FB-801809BB4072}"
EndProject
Project("{9A19103F-16F7-4668-BE54-9A1E7A4F7556}") = "Craft.Extensions", "Craft.Extensions\Craft.Extensions.csproj", "{28F3DC7A-ADEA-475F-927C-3F6A29D820B2}"
EndProject
Project("{9A19103F-16F7-4668-BE54-9A1E7A4F7556}") = "Craft.Extensions.Tests", "Tests\Craft.Extensions.Tests\Craft.Extensions.Tests.csproj", "{16379DAF-D69C-49C9-95C5-EC91F14F65EF}"
EndProject
Project("{9A19103F-16F7-4668-BE54-9A1E7A4F7556}") = "Craft.MediaQuery.Tests", "Tests\Craft.MediaQuery.Tests\Craft.MediaQuery.Tests.csproj", "{0D63AE80-DB51-4A07-9806-966417E8D943}"
EndProject
Project("{9A19103F-16F7-4668-BE54-9A1E7A4F7556}") = "Craft.MediaQuery", "Craft.MediaQuery\Craft.MediaQuery.csproj", "{6976974F-78A7-4EFE-B01C-83325C7155A3}"
EndProject
Project("{9A19103F-16F7-4668-BE54-9A1E7A4F7556}") = "Craft.JsHelpers", "Craft.JsHelpers\Craft.JsHelpers.csproj", "{B813022C-4011-4DCB-ACC9-A0BDF25FBF60}"
EndProject
Project("{9A19103F-16F7-4668-BE54-9A1E7A4F7556}") = "Craft.JsHelpers.Tests", "Tests\Craft.JsHelpers.Tests\Craft.JsHelpers.Tests.csproj", "{AD55D8EF-BA33-4DDF-BCAB-46AD55B8C197}"
EndProject
Project("{9A19103F-16F7-4668-BE54-9A1E7A4F7556}") = "Craft.TestHelper", "Tests\Craft.TestHelper\Craft.TestHelper.csproj", "{9704D663-45A5-4AA6-A283-70E13298B34E}"
EndProject
Project("{9A19103F-16F7-4668-BE54-9A1E7A4F7556}") = "Craft.QuerySpec", "Craft.QuerySpec\Craft.QuerySpec.csproj", "{05283E6B-565D-4E13-999F-FD674A3FD3C8}"
EndProject
Project("{9A19103F-16F7-4668-BE54-9A1E7A4F7556}") = "Craft.QuerySpec.Tests", "Tests\Craft.QuerySpec.Tests\Craft.QuerySpec.Tests.csproj", "{A4C93E51-6BA8-413D-AC48-1D74CFCF7786}"
EndProject
Project("{9A19103F-16F7-4668-BE54-9A1E7A4F7556}") = "Craft.Domain", "Craft.Domain\Craft.Domain.csproj", "{BF2CB4A9-86BE-43D9-8B2B-1C44AD6DC51A}"
EndProject
Project("{9A19103F-16F7-4668-BE54-9A1E7A4F7556}") = "Craft.Domain.Tests", "Tests\Craft.Domain.Tests\Craft.Domain.Tests.csproj", "{BD130514-1109-42A4-BD9F-4EC3B59BC9AB}"
EndProject
Project("{9A19103F-16F7-4668-BE54-9A1E7A4F7556}") = "Craft.Logging", "Craft.Logging\Craft.Logging.csproj", "{C9C2CAF0-CA0E-4E02-9ABD-29259D166EBC}"
EndProject
Project("{9A19103F-16F7-4668-BE54-9A1E7A4F7556}") = "Craft.Logging.Tests", "Tests\Craft.Logging.Tests\Craft.Logging.Tests.csproj", "{EEB50540-31A5-4784-9B8A-E078E59FE48E}"
EndProject
Project("{9A19103F-16F7-4668-BE54-9A1E7A4F7556}") = "Craft.Auditing", "Craft.Auditing\Craft.Auditing.csproj", "{E6B25935-A775-4D72-BAA4-7BB79FAF4BDC}"
EndProject
Project("{9A19103F-16F7-4668-BE54-9A1E7A4F7556}") = "Craft.Auditing.Tests", "Tests\Craft.Auditing.Tests\Craft.Auditing.Tests.csproj", "{2EF6B50D-E8D1-4ABE-BDB8-8D8E2DE1692C}"
EndProject
Project("{9A19103F-16F7-4668-BE54-9A1E7A4F7556}") = "Craft.Security", "Craft.Security\Craft.Security.csproj", "{09E6C006-B484-4D12-8D1D-4F19F1A52E75}"
EndProject
Project("{9A19103F-16F7-4668-BE54-9A1E7A4F7556}") = "Craft.Security.Tests", "Tests\Craft.Security.Tests\Craft.Security.Tests.csproj", "{BFEFCA51-27E2-406C-A173-D314A71C5C73}"
EndProject
Project("{9A19103F-16F7-4668-BE54-9A1E7A4F7556}") = "Craft.Jobs", "Craft.Jobs\Craft.Jobs.csproj", "{C54F532C-034C-40CE-A403-C1580426F6AF}"
EndProject
Project("{9A19103F-16F7-4668-BE54-9A1E7A4F7556}") = "Craft.Core", "Craft.Core\Craft.Core.csproj", "{EC76182E-D2D5-4BBE-BB7A-C7904AE7461F}"
EndProject
Project("{9A19103F-16F7-4668-BE54-9A1E7A4F7556}") = "Craft.Core.Tests", "Tests\Craft.Core.Tests\Craft.Core.Tests.csproj", "{E9A8583D-0821-42E1-9460-E7BBC1F6ACE0}"
EndProject
Project("{9A19103F-16F7-4668-BE54-9A1E7A4F7556}") = "Craft.MultiTenant", "Craft.MultiTenant\Craft.MultiTenant.csproj", "{0C039B14-687B-447C-B8F2-D5104E35496E}"
EndProject
Project("{9A19103F-16F7-4668-BE54-9A1E7A4F7556}") = "Craft.MultiTenant.Tests", "Tests\Craft.MultiTenant.Tests\Craft.MultiTenant.Tests.csproj", "{35C58CBF-661E-47D2-925D-688F8E453787}"
EndProject
Project("{9A19103F-16F7-4668-BE54-9A1E7A4F7556}") = "Craft.Infrastructure", "Craft.Infrastructure\Craft.Infrastructure.csproj", "{839717B8-3443-43A0-BE47-CFAE4FA3DE31}"
EndProject
Project("{9A19103F-16F7-4668-BE54-9A1E7A4F7556}") = "Craft.Infrastructure.Tests", "Tests\Craft.Infrastructure.Tests\Craft.Infrastructure.Tests.csproj", "{5E69274C-1F0C-439D-8BB6-AD08A51E524D}"
EndProject
Project("{9A19103F-16F7-4668-BE54-9A1E7A4F7556}") = "Craft.Data", "Craft.Data\Craft.Data.csproj", "{1C8B1BD5-67E3-41E4-BB87-965B0AF0E732}"
EndProject
Project("{9A19103F-16F7-4668-BE54-9A1E7A4F7556}") = "Craft.Components", "Craft.Components\Craft.Components.csproj", "{B88C0F12-28A4-4E03-8791-3F6BA3AB5932}"
EndProject
Project("{9A19103F-16F7-4668-BE54-9A1E7A4F7556}") = "Craft.Components.Tests", "Tests\Craft.Components.Tests\Craft.Components.Tests.csproj", "{A49054E5-CB52-40AD-B359-65F186D14DBD}"
EndProject
Project("{FAE04EC0-301F-11D3-BF4B-00C04F79EFBC}") = "Craft.Generators", "Craft.Generators\Craft.Generators.csproj", "{DD3BB43F-BC79-445F-BF62-8FEEFA25F0CB}"
EndProject
Project("{FAE04EC0-301F-11D3-BF4B-00C04F79EFBC}") = "Craft.UiComponents", "Craft.UiComponents\Craft.UiComponents.csproj", "{EC034AEA-0641-468F-B229-AAE3A3E0A751}"
EndProject
Project("{FAE04EC0-301F-11D3-BF4B-00C04F79EFBC}") = "Craft.UiComponents.Tests", "Tests\Craft.UiComponents.Tests\Craft.UiComponents.Tests.csproj", "{BC4C24BE-B32D-4AFB-B8E4-DEDDDA9E6D11}"
EndProject
Project("{FAE04EC0-301F-11D3-BF4B-00C04F79EFBC}") = "Craft.CustomerFeedback", "Craft.CustomerFeedback\Craft.CustomerFeedback.csproj", "{BA9BF708-1729-4BDA-BFB4-1E1A723C3C82}"
EndProject
Global
	GlobalSection(SolutionConfigurationPlatforms) = preSolution
		Debug|Any CPU = Debug|Any CPU
		Release|Any CPU = Release|Any CPU
	EndGlobalSection
	GlobalSection(ProjectConfigurationPlatforms) = postSolution
		{F6371390-BA67-489C-8A80-2423CACFB923}.Debug|Any CPU.ActiveCfg = Debug|Any CPU
		{F6371390-BA67-489C-8A80-2423CACFB923}.Debug|Any CPU.Build.0 = Debug|Any CPU
		{F6371390-BA67-489C-8A80-2423CACFB923}.Release|Any CPU.ActiveCfg = Release|Any CPU
		{F6371390-BA67-489C-8A80-2423CACFB923}.Release|Any CPU.Build.0 = Release|Any CPU
		{1298330C-6759-4249-A5FB-801809BB4072}.Debug|Any CPU.ActiveCfg = Debug|Any CPU
		{1298330C-6759-4249-A5FB-801809BB4072}.Debug|Any CPU.Build.0 = Debug|Any CPU
		{1298330C-6759-4249-A5FB-801809BB4072}.Release|Any CPU.ActiveCfg = Release|Any CPU
		{1298330C-6759-4249-A5FB-801809BB4072}.Release|Any CPU.Build.0 = Release|Any CPU
		{28F3DC7A-ADEA-475F-927C-3F6A29D820B2}.Debug|Any CPU.ActiveCfg = Debug|Any CPU
		{28F3DC7A-ADEA-475F-927C-3F6A29D820B2}.Debug|Any CPU.Build.0 = Debug|Any CPU
		{28F3DC7A-ADEA-475F-927C-3F6A29D820B2}.Release|Any CPU.ActiveCfg = Release|Any CPU
		{28F3DC7A-ADEA-475F-927C-3F6A29D820B2}.Release|Any CPU.Build.0 = Release|Any CPU
		{16379DAF-D69C-49C9-95C5-EC91F14F65EF}.Debug|Any CPU.ActiveCfg = Debug|Any CPU
		{16379DAF-D69C-49C9-95C5-EC91F14F65EF}.Debug|Any CPU.Build.0 = Debug|Any CPU
		{16379DAF-D69C-49C9-95C5-EC91F14F65EF}.Release|Any CPU.ActiveCfg = Release|Any CPU
		{16379DAF-D69C-49C9-95C5-EC91F14F65EF}.Release|Any CPU.Build.0 = Release|Any CPU
		{0D63AE80-DB51-4A07-9806-966417E8D943}.Debug|Any CPU.ActiveCfg = Debug|Any CPU
		{0D63AE80-DB51-4A07-9806-966417E8D943}.Debug|Any CPU.Build.0 = Debug|Any CPU
		{0D63AE80-DB51-4A07-9806-966417E8D943}.Release|Any CPU.ActiveCfg = Release|Any CPU
		{0D63AE80-DB51-4A07-9806-966417E8D943}.Release|Any CPU.Build.0 = Release|Any CPU
		{6976974F-78A7-4EFE-B01C-83325C7155A3}.Debug|Any CPU.ActiveCfg = Debug|Any CPU
		{6976974F-78A7-4EFE-B01C-83325C7155A3}.Debug|Any CPU.Build.0 = Debug|Any CPU
		{6976974F-78A7-4EFE-B01C-83325C7155A3}.Release|Any CPU.ActiveCfg = Release|Any CPU
		{6976974F-78A7-4EFE-B01C-83325C7155A3}.Release|Any CPU.Build.0 = Release|Any CPU
		{B813022C-4011-4DCB-ACC9-A0BDF25FBF60}.Debug|Any CPU.ActiveCfg = Debug|Any CPU
		{B813022C-4011-4DCB-ACC9-A0BDF25FBF60}.Debug|Any CPU.Build.0 = Debug|Any CPU
		{B813022C-4011-4DCB-ACC9-A0BDF25FBF60}.Release|Any CPU.ActiveCfg = Release|Any CPU
		{B813022C-4011-4DCB-ACC9-A0BDF25FBF60}.Release|Any CPU.Build.0 = Release|Any CPU
		{AD55D8EF-BA33-4DDF-BCAB-46AD55B8C197}.Debug|Any CPU.ActiveCfg = Debug|Any CPU
		{AD55D8EF-BA33-4DDF-BCAB-46AD55B8C197}.Debug|Any CPU.Build.0 = Debug|Any CPU
		{AD55D8EF-BA33-4DDF-BCAB-46AD55B8C197}.Release|Any CPU.ActiveCfg = Release|Any CPU
		{AD55D8EF-BA33-4DDF-BCAB-46AD55B8C197}.Release|Any CPU.Build.0 = Release|Any CPU
		{9704D663-45A5-4AA6-A283-70E13298B34E}.Debug|Any CPU.ActiveCfg = Debug|Any CPU
		{9704D663-45A5-4AA6-A283-70E13298B34E}.Debug|Any CPU.Build.0 = Debug|Any CPU
		{9704D663-45A5-4AA6-A283-70E13298B34E}.Release|Any CPU.ActiveCfg = Release|Any CPU
		{9704D663-45A5-4AA6-A283-70E13298B34E}.Release|Any CPU.Build.0 = Release|Any CPU
		{05283E6B-565D-4E13-999F-FD674A3FD3C8}.Debug|Any CPU.ActiveCfg = Debug|Any CPU
		{05283E6B-565D-4E13-999F-FD674A3FD3C8}.Debug|Any CPU.Build.0 = Debug|Any CPU
		{05283E6B-565D-4E13-999F-FD674A3FD3C8}.Release|Any CPU.ActiveCfg = Release|Any CPU
		{05283E6B-565D-4E13-999F-FD674A3FD3C8}.Release|Any CPU.Build.0 = Release|Any CPU
		{A4C93E51-6BA8-413D-AC48-1D74CFCF7786}.Debug|Any CPU.ActiveCfg = Debug|Any CPU
		{A4C93E51-6BA8-413D-AC48-1D74CFCF7786}.Debug|Any CPU.Build.0 = Debug|Any CPU
		{A4C93E51-6BA8-413D-AC48-1D74CFCF7786}.Release|Any CPU.ActiveCfg = Release|Any CPU
		{A4C93E51-6BA8-413D-AC48-1D74CFCF7786}.Release|Any CPU.Build.0 = Release|Any CPU
		{BF2CB4A9-86BE-43D9-8B2B-1C44AD6DC51A}.Debug|Any CPU.ActiveCfg = Debug|Any CPU
		{BF2CB4A9-86BE-43D9-8B2B-1C44AD6DC51A}.Debug|Any CPU.Build.0 = Debug|Any CPU
		{BF2CB4A9-86BE-43D9-8B2B-1C44AD6DC51A}.Release|Any CPU.ActiveCfg = Release|Any CPU
		{BF2CB4A9-86BE-43D9-8B2B-1C44AD6DC51A}.Release|Any CPU.Build.0 = Release|Any CPU
		{BD130514-1109-42A4-BD9F-4EC3B59BC9AB}.Debug|Any CPU.ActiveCfg = Debug|Any CPU
		{BD130514-1109-42A4-BD9F-4EC3B59BC9AB}.Debug|Any CPU.Build.0 = Debug|Any CPU
		{BD130514-1109-42A4-BD9F-4EC3B59BC9AB}.Release|Any CPU.ActiveCfg = Release|Any CPU
		{BD130514-1109-42A4-BD9F-4EC3B59BC9AB}.Release|Any CPU.Build.0 = Release|Any CPU
		{C9C2CAF0-CA0E-4E02-9ABD-29259D166EBC}.Debug|Any CPU.ActiveCfg = Debug|Any CPU
		{C9C2CAF0-CA0E-4E02-9ABD-29259D166EBC}.Debug|Any CPU.Build.0 = Debug|Any CPU
		{C9C2CAF0-CA0E-4E02-9ABD-29259D166EBC}.Release|Any CPU.ActiveCfg = Release|Any CPU
		{C9C2CAF0-CA0E-4E02-9ABD-29259D166EBC}.Release|Any CPU.Build.0 = Release|Any CPU
		{EEB50540-31A5-4784-9B8A-E078E59FE48E}.Debug|Any CPU.ActiveCfg = Debug|Any CPU
		{EEB50540-31A5-4784-9B8A-E078E59FE48E}.Debug|Any CPU.Build.0 = Debug|Any CPU
		{EEB50540-31A5-4784-9B8A-E078E59FE48E}.Release|Any CPU.ActiveCfg = Release|Any CPU
		{EEB50540-31A5-4784-9B8A-E078E59FE48E}.Release|Any CPU.Build.0 = Release|Any CPU
		{E6B25935-A775-4D72-BAA4-7BB79FAF4BDC}.Debug|Any CPU.ActiveCfg = Debug|Any CPU
		{E6B25935-A775-4D72-BAA4-7BB79FAF4BDC}.Debug|Any CPU.Build.0 = Debug|Any CPU
		{E6B25935-A775-4D72-BAA4-7BB79FAF4BDC}.Release|Any CPU.ActiveCfg = Release|Any CPU
		{E6B25935-A775-4D72-BAA4-7BB79FAF4BDC}.Release|Any CPU.Build.0 = Release|Any CPU
		{2EF6B50D-E8D1-4ABE-BDB8-8D8E2DE1692C}.Debug|Any CPU.ActiveCfg = Debug|Any CPU
		{2EF6B50D-E8D1-4ABE-BDB8-8D8E2DE1692C}.Debug|Any CPU.Build.0 = Debug|Any CPU
		{2EF6B50D-E8D1-4ABE-BDB8-8D8E2DE1692C}.Release|Any CPU.ActiveCfg = Release|Any CPU
		{2EF6B50D-E8D1-4ABE-BDB8-8D8E2DE1692C}.Release|Any CPU.Build.0 = Release|Any CPU
		{09E6C006-B484-4D12-8D1D-4F19F1A52E75}.Debug|Any CPU.ActiveCfg = Debug|Any CPU
		{09E6C006-B484-4D12-8D1D-4F19F1A52E75}.Debug|Any CPU.Build.0 = Debug|Any CPU
		{09E6C006-B484-4D12-8D1D-4F19F1A52E75}.Release|Any CPU.ActiveCfg = Release|Any CPU
		{09E6C006-B484-4D12-8D1D-4F19F1A52E75}.Release|Any CPU.Build.0 = Release|Any CPU
		{BFEFCA51-27E2-406C-A173-D314A71C5C73}.Debug|Any CPU.ActiveCfg = Debug|Any CPU
		{BFEFCA51-27E2-406C-A173-D314A71C5C73}.Debug|Any CPU.Build.0 = Debug|Any CPU
		{BFEFCA51-27E2-406C-A173-D314A71C5C73}.Release|Any CPU.ActiveCfg = Release|Any CPU
		{BFEFCA51-27E2-406C-A173-D314A71C5C73}.Release|Any CPU.Build.0 = Release|Any CPU
		{C54F532C-034C-40CE-A403-C1580426F6AF}.Debug|Any CPU.ActiveCfg = Debug|Any CPU
		{C54F532C-034C-40CE-A403-C1580426F6AF}.Debug|Any CPU.Build.0 = Debug|Any CPU
		{C54F532C-034C-40CE-A403-C1580426F6AF}.Release|Any CPU.ActiveCfg = Release|Any CPU
		{C54F532C-034C-40CE-A403-C1580426F6AF}.Release|Any CPU.Build.0 = Release|Any CPU
		{EC76182E-D2D5-4BBE-BB7A-C7904AE7461F}.Debug|Any CPU.ActiveCfg = Debug|Any CPU
		{EC76182E-D2D5-4BBE-BB7A-C7904AE7461F}.Debug|Any CPU.Build.0 = Debug|Any CPU
		{EC76182E-D2D5-4BBE-BB7A-C7904AE7461F}.Release|Any CPU.ActiveCfg = Release|Any CPU
		{EC76182E-D2D5-4BBE-BB7A-C7904AE7461F}.Release|Any CPU.Build.0 = Release|Any CPU
		{E9A8583D-0821-42E1-9460-E7BBC1F6ACE0}.Debug|Any CPU.ActiveCfg = Debug|Any CPU
		{E9A8583D-0821-42E1-9460-E7BBC1F6ACE0}.Debug|Any CPU.Build.0 = Debug|Any CPU
		{E9A8583D-0821-42E1-9460-E7BBC1F6ACE0}.Release|Any CPU.ActiveCfg = Release|Any CPU
		{E9A8583D-0821-42E1-9460-E7BBC1F6ACE0}.Release|Any CPU.Build.0 = Release|Any CPU
		{0C039B14-687B-447C-B8F2-D5104E35496E}.Debug|Any CPU.ActiveCfg = Debug|Any CPU
		{0C039B14-687B-447C-B8F2-D5104E35496E}.Debug|Any CPU.Build.0 = Debug|Any CPU
		{0C039B14-687B-447C-B8F2-D5104E35496E}.Release|Any CPU.ActiveCfg = Release|Any CPU
		{0C039B14-687B-447C-B8F2-D5104E35496E}.Release|Any CPU.Build.0 = Release|Any CPU
		{35C58CBF-661E-47D2-925D-688F8E453787}.Debug|Any CPU.ActiveCfg = Debug|Any CPU
		{35C58CBF-661E-47D2-925D-688F8E453787}.Debug|Any CPU.Build.0 = Debug|Any CPU
		{35C58CBF-661E-47D2-925D-688F8E453787}.Release|Any CPU.ActiveCfg = Release|Any CPU
		{35C58CBF-661E-47D2-925D-688F8E453787}.Release|Any CPU.Build.0 = Release|Any CPU
		{839717B8-3443-43A0-BE47-CFAE4FA3DE31}.Debug|Any CPU.ActiveCfg = Debug|Any CPU
		{839717B8-3443-43A0-BE47-CFAE4FA3DE31}.Debug|Any CPU.Build.0 = Debug|Any CPU
		{839717B8-3443-43A0-BE47-CFAE4FA3DE31}.Release|Any CPU.ActiveCfg = Release|Any CPU
		{839717B8-3443-43A0-BE47-CFAE4FA3DE31}.Release|Any CPU.Build.0 = Release|Any CPU
		{5E69274C-1F0C-439D-8BB6-AD08A51E524D}.Debug|Any CPU.ActiveCfg = Debug|Any CPU
		{5E69274C-1F0C-439D-8BB6-AD08A51E524D}.Debug|Any CPU.Build.0 = Debug|Any CPU
		{5E69274C-1F0C-439D-8BB6-AD08A51E524D}.Release|Any CPU.ActiveCfg = Release|Any CPU
		{5E69274C-1F0C-439D-8BB6-AD08A51E524D}.Release|Any CPU.Build.0 = Release|Any CPU
		{1C8B1BD5-67E3-41E4-BB87-965B0AF0E732}.Debug|Any CPU.ActiveCfg = Debug|Any CPU
		{1C8B1BD5-67E3-41E4-BB87-965B0AF0E732}.Debug|Any CPU.Build.0 = Debug|Any CPU
		{1C8B1BD5-67E3-41E4-BB87-965B0AF0E732}.Release|Any CPU.ActiveCfg = Release|Any CPU
		{1C8B1BD5-67E3-41E4-BB87-965B0AF0E732}.Release|Any CPU.Build.0 = Release|Any CPU
		{B88C0F12-28A4-4E03-8791-3F6BA3AB5932}.Debug|Any CPU.ActiveCfg = Debug|Any CPU
		{B88C0F12-28A4-4E03-8791-3F6BA3AB5932}.Debug|Any CPU.Build.0 = Debug|Any CPU
		{B88C0F12-28A4-4E03-8791-3F6BA3AB5932}.Release|Any CPU.ActiveCfg = Release|Any CPU
		{B88C0F12-28A4-4E03-8791-3F6BA3AB5932}.Release|Any CPU.Build.0 = Release|Any CPU
		{A49054E5-CB52-40AD-B359-65F186D14DBD}.Debug|Any CPU.ActiveCfg = Debug|Any CPU
		{A49054E5-CB52-40AD-B359-65F186D14DBD}.Debug|Any CPU.Build.0 = Debug|Any CPU
		{A49054E5-CB52-40AD-B359-65F186D14DBD}.Release|Any CPU.ActiveCfg = Release|Any CPU
		{A49054E5-CB52-40AD-B359-65F186D14DBD}.Release|Any CPU.Build.0 = Release|Any CPU
		{DD3BB43F-BC79-445F-BF62-8FEEFA25F0CB}.Debug|Any CPU.ActiveCfg = Debug|Any CPU
		{DD3BB43F-BC79-445F-BF62-8FEEFA25F0CB}.Debug|Any CPU.Build.0 = Debug|Any CPU
		{DD3BB43F-BC79-445F-BF62-8FEEFA25F0CB}.Release|Any CPU.ActiveCfg = Release|Any CPU
		{DD3BB43F-BC79-445F-BF62-8FEEFA25F0CB}.Release|Any CPU.Build.0 = Release|Any CPU
		{EC034AEA-0641-468F-B229-AAE3A3E0A751}.Debug|Any CPU.ActiveCfg = Debug|Any CPU
		{EC034AEA-0641-468F-B229-AAE3A3E0A751}.Debug|Any CPU.Build.0 = Debug|Any CPU
		{EC034AEA-0641-468F-B229-AAE3A3E0A751}.Release|Any CPU.ActiveCfg = Release|Any CPU
		{EC034AEA-0641-468F-B229-AAE3A3E0A751}.Release|Any CPU.Build.0 = Release|Any CPU
		{BC4C24BE-B32D-4AFB-B8E4-DEDDDA9E6D11}.Debug|Any CPU.ActiveCfg = Debug|Any CPU
		{BC4C24BE-B32D-4AFB-B8E4-DEDDDA9E6D11}.Debug|Any CPU.Build.0 = Debug|Any CPU
		{BC4C24BE-B32D-4AFB-B8E4-DEDDDA9E6D11}.Release|Any CPU.ActiveCfg = Release|Any CPU
		{BC4C24BE-B32D-4AFB-B8E4-DEDDDA9E6D11}.Release|Any CPU.Build.0 = Release|Any CPU
		{BA9BF708-1729-4BDA-BFB4-1E1A723C3C82}.Debug|Any CPU.ActiveCfg = Debug|Any CPU
		{BA9BF708-1729-4BDA-BFB4-1E1A723C3C82}.Debug|Any CPU.Build.0 = Debug|Any CPU
		{BA9BF708-1729-4BDA-BFB4-1E1A723C3C82}.Release|Any CPU.ActiveCfg = Release|Any CPU
		{BA9BF708-1729-4BDA-BFB4-1E1A723C3C82}.Release|Any CPU.Build.0 = Release|Any CPU
	EndGlobalSection
	GlobalSection(SolutionProperties) = preSolution
		HideSolutionNode = FALSE
	EndGlobalSection
	GlobalSection(NestedProjects) = preSolution
		{1298330C-6759-4249-A5FB-801809BB4072} = {7BD2436A-7951-4038-95C4-A197F19DBB10}
		{16379DAF-D69C-49C9-95C5-EC91F14F65EF} = {7BD2436A-7951-4038-95C4-A197F19DBB10}
		{0D63AE80-DB51-4A07-9806-966417E8D943} = {7BD2436A-7951-4038-95C4-A197F19DBB10}
		{AD55D8EF-BA33-4DDF-BCAB-46AD55B8C197} = {7BD2436A-7951-4038-95C4-A197F19DBB10}
		{9704D663-45A5-4AA6-A283-70E13298B34E} = {7BD2436A-7951-4038-95C4-A197F19DBB10}
		{A4C93E51-6BA8-413D-AC48-1D74CFCF7786} = {7BD2436A-7951-4038-95C4-A197F19DBB10}
		{BD130514-1109-42A4-BD9F-4EC3B59BC9AB} = {7BD2436A-7951-4038-95C4-A197F19DBB10}
		{EEB50540-31A5-4784-9B8A-E078E59FE48E} = {7BD2436A-7951-4038-95C4-A197F19DBB10}
		{2EF6B50D-E8D1-4ABE-BDB8-8D8E2DE1692C} = {7BD2436A-7951-4038-95C4-A197F19DBB10}
		{BFEFCA51-27E2-406C-A173-D314A71C5C73} = {7BD2436A-7951-4038-95C4-A197F19DBB10}
		{E9A8583D-0821-42E1-9460-E7BBC1F6ACE0} = {7BD2436A-7951-4038-95C4-A197F19DBB10}
		{35C58CBF-661E-47D2-925D-688F8E453787} = {7BD2436A-7951-4038-95C4-A197F19DBB10}
		{5E69274C-1F0C-439D-8BB6-AD08A51E524D} = {7BD2436A-7951-4038-95C4-A197F19DBB10}
		{A49054E5-CB52-40AD-B359-65F186D14DBD} = {7BD2436A-7951-4038-95C4-A197F19DBB10}
		{BC4C24BE-B32D-4AFB-B8E4-DEDDDA9E6D11} = {7BD2436A-7951-4038-95C4-A197F19DBB10}
	EndGlobalSection
	GlobalSection(ExtensibilityGlobals) = postSolution
		SolutionGuid = {2C18CAFD-9007-45E4-ABF0-2C2F8D44B51D}
	EndGlobalSection
EndGlobal
