
Microsoft Visual Studio Solution File, Format Version 12.00
# Visual Studio Version 17
VisualStudioVersion = 17.8.34302.71
MinimumVisualStudioVersion = 10.0.40219.1
Project("{9A19103F-16F7-4668-BE54-9A1E7A4F7556}") = "Craft.Utilities", "Craft.Utilities\Craft.Utilities.csproj", "{F6371390-BA67-489C-8A80-2423CACFB923}"
EndProject
Project("{2150E333-8FDC-42A3-9474-1A3956D46DE8}") = "Solution Items", "Solution Items", "{AEC4DB8A-B519-4D33-97B1-E8E4FE9C95C1}"
	ProjectSection(SolutionItems) = preProject
		.editorconfig = .editorconfig
	EndProjectSection
EndProject
Project("{2150E333-8FDC-42A3-9474-1A3956D46DE8}") = "Tests", "Tests", "{7BD2436A-7951-4038-95C4-A197F19DBB10}"
EndProject
Project("{9A19103F-16F7-4668-BE54-9A1E7A4F7556}") = "Craft.Utilities.Tests", "Tests\Craft.Utilities.Tests\Craft.Utilities.Tests.csproj", "{1298330C-6759-4249-A5FB-801809BB4072}"
EndProject
Project("{9A19103F-16F7-4668-BE54-9A1E7A4F7556}") = "Craft.Extensions", "Craft.Extensions\Craft.Extensions.csproj", "{28F3DC7A-ADEA-475F-927C-3F6A29D820B2}"
EndProject
Project("{9A19103F-16F7-4668-BE54-9A1E7A4F7556}") = "Craft.Extensions.Tests", "Tests\Craft.Extensions.Tests\Craft.Extensions.Tests.csproj", "{16379DAF-D69C-49C9-95C5-EC91F14F65EF}"
EndProject
Project("{9A19103F-16F7-4668-BE54-9A1E7A4F7556}") = "Craft.MediaQuery.Tests", "Tests\Craft.MediaQuery.Tests\Craft.MediaQuery.Tests.csproj", "{0D63AE80-DB51-4A07-9806-966417E8D943}"
EndProject
Project("{FAE04EC0-301F-11D3-BF4B-00C04F79EFBC}") = "Craft.MediaQuery", "Craft.MediaQuery\Craft.MediaQuery.csproj", "{6976974F-78A7-4EFE-B01C-83325C7155A3}"
EndProject
Global
	GlobalSection(SolutionConfigurationPlatforms) = preSolution
		Debug|Any CPU = Debug|Any CPU
		Release|Any CPU = Release|Any CPU
	EndGlobalSection
	GlobalSection(ProjectConfigurationPlatforms) = postSolution
		{F6371390-BA67-489C-8A80-2423CACFB923}.Debug|Any CPU.ActiveCfg = Debug|Any CPU
		{F6371390-BA67-489C-8A80-2423CACFB923}.Debug|Any CPU.Build.0 = Debug|Any CPU
		{F6371390-BA67-489C-8A80-2423CACFB923}.Release|Any CPU.ActiveCfg = Release|Any CPU
		{F6371390-BA67-489C-8A80-2423CACFB923}.Release|Any CPU.Build.0 = Release|Any CPU
		{1298330C-6759-4249-A5FB-801809BB4072}.Debug|Any CPU.ActiveCfg = Debug|Any CPU
		{1298330C-6759-4249-A5FB-801809BB4072}.Debug|Any CPU.Build.0 = Debug|Any CPU
		{1298330C-6759-4249-A5FB-801809BB4072}.Release|Any CPU.ActiveCfg = Release|Any CPU
		{1298330C-6759-4249-A5FB-801809BB4072}.Release|Any CPU.Build.0 = Release|Any CPU
		{28F3DC7A-ADEA-475F-927C-3F6A29D820B2}.Debug|Any CPU.ActiveCfg = Debug|Any CPU
		{28F3DC7A-ADEA-475F-927C-3F6A29D820B2}.Debug|Any CPU.Build.0 = Debug|Any CPU
		{28F3DC7A-ADEA-475F-927C-3F6A29D820B2}.Release|Any CPU.ActiveCfg = Release|Any CPU
		{28F3DC7A-ADEA-475F-927C-3F6A29D820B2}.Release|Any CPU.Build.0 = Release|Any CPU
		{16379DAF-D69C-49C9-95C5-EC91F14F65EF}.Debug|Any CPU.ActiveCfg = Debug|Any CPU
		{16379DAF-D69C-49C9-95C5-EC91F14F65EF}.Debug|Any CPU.Build.0 = Debug|Any CPU
		{16379DAF-D69C-49C9-95C5-EC91F14F65EF}.Release|Any CPU.ActiveCfg = Release|Any CPU
		{16379DAF-D69C-49C9-95C5-EC91F14F65EF}.Release|Any CPU.Build.0 = Release|Any CPU
		{0D63AE80-DB51-4A07-9806-966417E8D943}.Debug|Any CPU.ActiveCfg = Debug|Any CPU
		{0D63AE80-DB51-4A07-9806-966417E8D943}.Debug|Any CPU.Build.0 = Debug|Any CPU
		{0D63AE80-DB51-4A07-9806-966417E8D943}.Release|Any CPU.ActiveCfg = Release|Any CPU
		{0D63AE80-DB51-4A07-9806-966417E8D943}.Release|Any CPU.Build.0 = Release|Any CPU
		{6976974F-78A7-4EFE-B01C-83325C7155A3}.Debug|Any CPU.ActiveCfg = Debug|Any CPU
		{6976974F-78A7-4EFE-B01C-83325C7155A3}.Debug|Any CPU.Build.0 = Debug|Any CPU
		{6976974F-78A7-4EFE-B01C-83325C7155A3}.Release|Any CPU.ActiveCfg = Release|Any CPU
		{6976974F-78A7-4EFE-B01C-83325C7155A3}.Release|Any CPU.Build.0 = Release|Any CPU
	EndGlobalSection
	GlobalSection(SolutionProperties) = preSolution
		HideSolutionNode = FALSE
	EndGlobalSection
	GlobalSection(NestedProjects) = preSolution
		{1298330C-6759-4249-A5FB-801809BB4072} = {7BD2436A-7951-4038-95C4-A197F19DBB10}
		{16379DAF-D69C-49C9-95C5-EC91F14F65EF} = {7BD2436A-7951-4038-95C4-A197F19DBB10}
		{0D63AE80-DB51-4A07-9806-966417E8D943} = {7BD2436A-7951-4038-95C4-A197F19DBB10}
	EndGlobalSection
	GlobalSection(ExtensibilityGlobals) = postSolution
		SolutionGuid = {2C18CAFD-9007-45E4-ABF0-2C2F8D44B51D}
	EndGlobalSection
EndGlobal
