
Microsoft Visual Studio Solution File, Format Version 12.00
# Visual Studio Version 17
VisualStudioVersion = 17.8.34302.71
MinimumVisualStudioVersion = 10.0.40219.1
Project("{9A19103F-16F7-4668-BE54-9A1E7A4F7556}") = "Craft.Utilities", "Craft.Utilities\Craft.Utilities.csproj", "{F6371390-BA67-489C-8A80-2423CACFB923}"
EndProject
Project("{2150E333-8FDC-42A3-9474-1A3956D46DE8}") = "Solution Items", "Solution Items", "{AEC4DB8A-B519-4D33-97B1-E8E4FE9C95C1}"
	ProjectSection(SolutionItems) = preProject
		.editorconfig = .editorconfig
	EndProjectSection
EndProject
Project("{2150E333-8FDC-42A3-9474-1A3956D46DE8}") = "Tests", "Tests", "{7BD2436A-7951-4038-95C4-A197F19DBB10}"
EndProject
Project("{9A19103F-16F7-4668-BE54-9A1E7A4F7556}") = "Craft.Utilities.Tests", "Tests\Craft.Utilities.Tests\Craft.Utilities.Tests.csproj", "{1298330C-6759-4249-A5FB-801809BB4072}"
EndProject
Project("{9A19103F-16F7-4668-BE54-9A1E7A4F7556}") = "Craft.Extensions", "Craft.Extensions\Craft.Extensions.csproj", "{28F3DC7A-ADEA-475F-927C-3F6A29D820B2}"
EndProject
Project("{9A19103F-16F7-4668-BE54-9A1E7A4F7556}") = "Craft.Extensions.Tests", "Tests\Craft.Extensions.Tests\Craft.Extensions.Tests.csproj", "{16379DAF-D69C-49C9-95C5-EC91F14F65EF}"
EndProject
Project("{9A19103F-16F7-4668-BE54-9A1E7A4F7556}") = "Craft.MediaQuery.Tests", "Tests\Craft.MediaQuery.Tests\Craft.MediaQuery.Tests.csproj", "{0D63AE80-DB51-4A07-9806-966417E8D943}"
EndProject
Project("{9A19103F-16F7-4668-BE54-9A1E7A4F7556}") = "Craft.MediaQuery", "Craft.MediaQuery\Craft.MediaQuery.csproj", "{6976974F-78A7-4EFE-B01C-83325C7155A3}"
EndProject
Project("{9A19103F-16F7-4668-BE54-9A1E7A4F7556}") = "Craft.JsHelpers", "Craft.JsHelpers\Craft.JsHelpers.csproj", "{B813022C-4011-4DCB-ACC9-A0BDF25FBF60}"
EndProject
Project("{9A19103F-16F7-4668-BE54-9A1E7A4F7556}") = "Craft.JsHelpers.Tests", "Tests\Craft.JsHelpers.Tests\Craft.JsHelpers.Tests.csproj", "{AD55D8EF-BA33-4DDF-BCAB-46AD55B8C197}"
EndProject
Project("{9A19103F-16F7-4668-BE54-9A1E7A4F7556}") = "Craft.TestHelper", "Tests\Craft.TestHelper\Craft.TestHelper.csproj", "{9704D663-45A5-4AA6-A283-70E13298B34E}"
EndProject
Project("{9A19103F-16F7-4668-BE54-9A1E7A4F7556}") = "Craft.QuerySpec", "Craft.QuerySpec\Craft.QuerySpec.csproj", "{05283E6B-565D-4E13-999F-FD674A3FD3C8}"
EndProject
Project("{9A19103F-16F7-4668-BE54-9A1E7A4F7556}") = "Craft.QuerySpec.Tests", "Tests\Craft.QuerySpec.Tests\Craft.QuerySpec.Tests.csproj", "{A4C93E51-6BA8-413D-AC48-1D74CFCF7786}"
EndProject
Project("{2150E333-8FDC-42A3-9474-1A3956D46DE8}") = "Sample", "Sample", "{B5E31159-C5C8-461D-97EB-68BE3B2FF281}"
EndProject
Project("{9A19103F-16F7-4668-BE54-9A1E7A4F7556}") = "Conceptualize", "Sample\Conceptualize\Conceptualize.csproj", "{E31A975A-F1A0-4D8F-BCDF-EB6C7EC34FE6}"
EndProject
Project("{FAE04EC0-301F-11D3-BF4B-00C04F79EFBC}") = "Craft.Domain", "Craft.Domain\Craft.Domain.csproj", "{BF2CB4A9-86BE-43D9-8B2B-1C44AD6DC51A}"
EndProject
Project("{FAE04EC0-301F-11D3-BF4B-00C04F79EFBC}") = "Craft.Domain.Tests", "Tests\Craft.Domain.Tests\Craft.Domain.Tests.csproj", "{BD130514-1109-42A4-BD9F-4EC3B59BC9AB}"
EndProject
Project("{FAE04EC0-301F-11D3-BF4B-00C04F79EFBC}") = "Craft.Logging", "Craft.Logging\Craft.Logging.csproj", "{C9C2CAF0-CA0E-4E02-9ABD-29259D166EBC}"
EndProject
Project("{FAE04EC0-301F-11D3-BF4B-00C04F79EFBC}") = "Craft.Logging.Tests", "Tests\Craft.Logging.Tests\Craft.Logging.Tests.csproj", "{EEB50540-31A5-4784-9B8A-E078E59FE48E}"
EndProject
Global
	GlobalSection(SolutionConfigurationPlatforms) = preSolution
		Debug|Any CPU = Debug|Any CPU
		Release|Any CPU = Release|Any CPU
	EndGlobalSection
	GlobalSection(ProjectConfigurationPlatforms) = postSolution
		{F6371390-BA67-489C-8A80-2423CACFB923}.Debug|Any CPU.ActiveCfg = Debug|Any CPU
		{F6371390-BA67-489C-8A80-2423CACFB923}.Debug|Any CPU.Build.0 = Debug|Any CPU
		{F6371390-BA67-489C-8A80-2423CACFB923}.Release|Any CPU.ActiveCfg = Release|Any CPU
		{F6371390-BA67-489C-8A80-2423CACFB923}.Release|Any CPU.Build.0 = Release|Any CPU
		{1298330C-6759-4249-A5FB-801809BB4072}.Debug|Any CPU.ActiveCfg = Debug|Any CPU
		{1298330C-6759-4249-A5FB-801809BB4072}.Debug|Any CPU.Build.0 = Debug|Any CPU
		{1298330C-6759-4249-A5FB-801809BB4072}.Release|Any CPU.ActiveCfg = Release|Any CPU
		{1298330C-6759-4249-A5FB-801809BB4072}.Release|Any CPU.Build.0 = Release|Any CPU
		{28F3DC7A-ADEA-475F-927C-3F6A29D820B2}.Debug|Any CPU.ActiveCfg = Debug|Any CPU
		{28F3DC7A-ADEA-475F-927C-3F6A29D820B2}.Debug|Any CPU.Build.0 = Debug|Any CPU
		{28F3DC7A-ADEA-475F-927C-3F6A29D820B2}.Release|Any CPU.ActiveCfg = Release|Any CPU
		{28F3DC7A-ADEA-475F-927C-3F6A29D820B2}.Release|Any CPU.Build.0 = Release|Any CPU
		{16379DAF-D69C-49C9-95C5-EC91F14F65EF}.Debug|Any CPU.ActiveCfg = Debug|Any CPU
		{16379DAF-D69C-49C9-95C5-EC91F14F65EF}.Debug|Any CPU.Build.0 = Debug|Any CPU
		{16379DAF-D69C-49C9-95C5-EC91F14F65EF}.Release|Any CPU.ActiveCfg = Release|Any CPU
		{16379DAF-D69C-49C9-95C5-EC91F14F65EF}.Release|Any CPU.Build.0 = Release|Any CPU
		{0D63AE80-DB51-4A07-9806-966417E8D943}.Debug|Any CPU.ActiveCfg = Debug|Any CPU
		{0D63AE80-DB51-4A07-9806-966417E8D943}.Debug|Any CPU.Build.0 = Debug|Any CPU
		{0D63AE80-DB51-4A07-9806-966417E8D943}.Release|Any CPU.ActiveCfg = Release|Any CPU
		{0D63AE80-DB51-4A07-9806-966417E8D943}.Release|Any CPU.Build.0 = Release|Any CPU
		{6976974F-78A7-4EFE-B01C-83325C7155A3}.Debug|Any CPU.ActiveCfg = Debug|Any CPU
		{6976974F-78A7-4EFE-B01C-83325C7155A3}.Debug|Any CPU.Build.0 = Debug|Any CPU
		{6976974F-78A7-4EFE-B01C-83325C7155A3}.Release|Any CPU.ActiveCfg = Release|Any CPU
		{6976974F-78A7-4EFE-B01C-83325C7155A3}.Release|Any CPU.Build.0 = Release|Any CPU
		{B813022C-4011-4DCB-ACC9-A0BDF25FBF60}.Debug|Any CPU.ActiveCfg = Debug|Any CPU
		{B813022C-4011-4DCB-ACC9-A0BDF25FBF60}.Debug|Any CPU.Build.0 = Debug|Any CPU
		{B813022C-4011-4DCB-ACC9-A0BDF25FBF60}.Release|Any CPU.ActiveCfg = Release|Any CPU
		{B813022C-4011-4DCB-ACC9-A0BDF25FBF60}.Release|Any CPU.Build.0 = Release|Any CPU
		{AD55D8EF-BA33-4DDF-BCAB-46AD55B8C197}.Debug|Any CPU.ActiveCfg = Debug|Any CPU
		{AD55D8EF-BA33-4DDF-BCAB-46AD55B8C197}.Debug|Any CPU.Build.0 = Debug|Any CPU
		{AD55D8EF-BA33-4DDF-BCAB-46AD55B8C197}.Release|Any CPU.ActiveCfg = Release|Any CPU
		{AD55D8EF-BA33-4DDF-BCAB-46AD55B8C197}.Release|Any CPU.Build.0 = Release|Any CPU
		{9704D663-45A5-4AA6-A283-70E13298B34E}.Debug|Any CPU.ActiveCfg = Debug|Any CPU
		{9704D663-45A5-4AA6-A283-70E13298B34E}.Debug|Any CPU.Build.0 = Debug|Any CPU
		{9704D663-45A5-4AA6-A283-70E13298B34E}.Release|Any CPU.ActiveCfg = Release|Any CPU
		{9704D663-45A5-4AA6-A283-70E13298B34E}.Release|Any CPU.Build.0 = Release|Any CPU
		{05283E6B-565D-4E13-999F-FD674A3FD3C8}.Debug|Any CPU.ActiveCfg = Debug|Any CPU
		{05283E6B-565D-4E13-999F-FD674A3FD3C8}.Debug|Any CPU.Build.0 = Debug|Any CPU
		{05283E6B-565D-4E13-999F-FD674A3FD3C8}.Release|Any CPU.ActiveCfg = Release|Any CPU
		{05283E6B-565D-4E13-999F-FD674A3FD3C8}.Release|Any CPU.Build.0 = Release|Any CPU
		{A4C93E51-6BA8-413D-AC48-1D74CFCF7786}.Debug|Any CPU.ActiveCfg = Debug|Any CPU
		{A4C93E51-6BA8-413D-AC48-1D74CFCF7786}.Debug|Any CPU.Build.0 = Debug|Any CPU
		{A4C93E51-6BA8-413D-AC48-1D74CFCF7786}.Release|Any CPU.ActiveCfg = Release|Any CPU
		{A4C93E51-6BA8-413D-AC48-1D74CFCF7786}.Release|Any CPU.Build.0 = Release|Any CPU
		{E31A975A-F1A0-4D8F-BCDF-EB6C7EC34FE6}.Debug|Any CPU.ActiveCfg = Debug|Any CPU
		{E31A975A-F1A0-4D8F-BCDF-EB6C7EC34FE6}.Debug|Any CPU.Build.0 = Debug|Any CPU
		{E31A975A-F1A0-4D8F-BCDF-EB6C7EC34FE6}.Release|Any CPU.ActiveCfg = Release|Any CPU
		{E31A975A-F1A0-4D8F-BCDF-EB6C7EC34FE6}.Release|Any CPU.Build.0 = Release|Any CPU
		{BF2CB4A9-86BE-43D9-8B2B-1C44AD6DC51A}.Debug|Any CPU.ActiveCfg = Debug|Any CPU
		{BF2CB4A9-86BE-43D9-8B2B-1C44AD6DC51A}.Debug|Any CPU.Build.0 = Debug|Any CPU
		{BF2CB4A9-86BE-43D9-8B2B-1C44AD6DC51A}.Release|Any CPU.ActiveCfg = Release|Any CPU
		{BF2CB4A9-86BE-43D9-8B2B-1C44AD6DC51A}.Release|Any CPU.Build.0 = Release|Any CPU
		{BD130514-1109-42A4-BD9F-4EC3B59BC9AB}.Debug|Any CPU.ActiveCfg = Debug|Any CPU
		{BD130514-1109-42A4-BD9F-4EC3B59BC9AB}.Debug|Any CPU.Build.0 = Debug|Any CPU
		{BD130514-1109-42A4-BD9F-4EC3B59BC9AB}.Release|Any CPU.ActiveCfg = Release|Any CPU
		{BD130514-1109-42A4-BD9F-4EC3B59BC9AB}.Release|Any CPU.Build.0 = Release|Any CPU
		{C9C2CAF0-CA0E-4E02-9ABD-29259D166EBC}.Debug|Any CPU.ActiveCfg = Debug|Any CPU
		{C9C2CAF0-CA0E-4E02-9ABD-29259D166EBC}.Debug|Any CPU.Build.0 = Debug|Any CPU
		{C9C2CAF0-CA0E-4E02-9ABD-29259D166EBC}.Release|Any CPU.ActiveCfg = Release|Any CPU
		{C9C2CAF0-CA0E-4E02-9ABD-29259D166EBC}.Release|Any CPU.Build.0 = Release|Any CPU
		{EEB50540-31A5-4784-9B8A-E078E59FE48E}.Debug|Any CPU.ActiveCfg = Debug|Any CPU
		{EEB50540-31A5-4784-9B8A-E078E59FE48E}.Debug|Any CPU.Build.0 = Debug|Any CPU
		{EEB50540-31A5-4784-9B8A-E078E59FE48E}.Release|Any CPU.ActiveCfg = Release|Any CPU
		{EEB50540-31A5-4784-9B8A-E078E59FE48E}.Release|Any CPU.Build.0 = Release|Any CPU
	EndGlobalSection
	GlobalSection(SolutionProperties) = preSolution
		HideSolutionNode = FALSE
	EndGlobalSection
	GlobalSection(NestedProjects) = preSolution
		{1298330C-6759-4249-A5FB-801809BB4072} = {7BD2436A-7951-4038-95C4-A197F19DBB10}
		{16379DAF-D69C-49C9-95C5-EC91F14F65EF} = {7BD2436A-7951-4038-95C4-A197F19DBB10}
		{0D63AE80-DB51-4A07-9806-966417E8D943} = {7BD2436A-7951-4038-95C4-A197F19DBB10}
		{AD55D8EF-BA33-4DDF-BCAB-46AD55B8C197} = {7BD2436A-7951-4038-95C4-A197F19DBB10}
		{9704D663-45A5-4AA6-A283-70E13298B34E} = {7BD2436A-7951-4038-95C4-A197F19DBB10}
		{A4C93E51-6BA8-413D-AC48-1D74CFCF7786} = {7BD2436A-7951-4038-95C4-A197F19DBB10}
		{E31A975A-F1A0-4D8F-BCDF-EB6C7EC34FE6} = {B5E31159-C5C8-461D-97EB-68BE3B2FF281}
		{BD130514-1109-42A4-BD9F-4EC3B59BC9AB} = {7BD2436A-7951-4038-95C4-A197F19DBB10}
		{EEB50540-31A5-4784-9B8A-E078E59FE48E} = {7BD2436A-7951-4038-95C4-A197F19DBB10}
	EndGlobalSection
	GlobalSection(ExtensibilityGlobals) = postSolution
		SolutionGuid = {2C18CAFD-9007-45E4-ABF0-2C2F8D44B51D}
	EndGlobalSection
EndGlobal
